
Microsoft Visual Studio Solution File, Format Version 12.00
# Visual Studio Version 17
VisualStudioVersion = 17.9.34616.47
MinimumVisualStudioVersion = 10.0.40219.1
Project("{FAE04EC0-301F-11D3-BF4B-00C04F79EFBC}") = "CRUDReactMVC.Server", "CRUDReactMVC.Server\CRUDReactMVC.Server.csproj", "{FF0EF86D-3D48-4971-8F18-325DE08FCF04}"
EndProject
Project("{54A90642-561A-4BB1-A94E-469ADEE60C69}") = "crudreactmvc.client", "crudreactmvc.client\crudreactmvc.client.esproj", "{3F075653-2DFB-450E-AE37-B0A29996E98D}"
EndProject
Global
	GlobalSection(SolutionConfigurationPlatforms) = preSolution
		Debug|Any CPU = Debug|Any CPU
		Release|Any CPU = Release|Any CPU
	EndGlobalSection
	GlobalSection(ProjectConfigurationPlatforms) = postSolution
		{FF0EF86D-3D48-4971-8F18-325DE08FCF04}.Debug|Any CPU.ActiveCfg = Debug|Any CPU
		{FF0EF86D-3D48-4971-8F18-325DE08FCF04}.Debug|Any CPU.Build.0 = Debug|Any CPU
		{FF0EF86D-3D48-4971-8F18-325DE08FCF04}.Release|Any CPU.ActiveCfg = Release|Any CPU
		{FF0EF86D-3D48-4971-8F18-325DE08FCF04}.Release|Any CPU.Build.0 = Release|Any CPU
		{3F075653-2DFB-450E-AE37-B0A29996E98D}.Debug|Any CPU.ActiveCfg = Debug|Any CPU
		{3F075653-2DFB-450E-AE37-B0A29996E98D}.Debug|Any CPU.Build.0 = Debug|Any CPU
		{3F075653-2DFB-450E-AE37-B0A29996E98D}.Debug|Any CPU.Deploy.0 = Debug|Any CPU
		{3F075653-2DFB-450E-AE37-B0A29996E98D}.Release|Any CPU.ActiveCfg = Release|Any CPU
		{3F075653-2DFB-450E-AE37-B0A29996E98D}.Release|Any CPU.Build.0 = Release|Any CPU
		{3F075653-2DFB-450E-AE37-B0A29996E98D}.Release|Any CPU.Deploy.0 = Release|Any CPU
	EndGlobalSection
	GlobalSection(SolutionProperties) = preSolution
		HideSolutionNode = FALSE
	EndGlobalSection
	GlobalSection(ExtensibilityGlobals) = postSolution
		SolutionGuid = {B638355C-65CF-4E97-9943-2EAC87129D9A}
	EndGlobalSection
EndGlobal
